{
    "_meta": {
        "hash": {
            "sha256": "cb3560fd7c9081fce83beda437559cd6e6e28e9ae4f7bc3f04d35bbac369bedb"
        },
        "pipfile-spec": 6,
        "requires": {
            "python_version": "3.6"
        },
        "sources": [
            {
                "name": "pypi",
                "url": "https://pypi.org/simple",
                "verify_ssl": true
            }
        ]
    },
    "default": {
        "pycairo": {
            "file": "https://download.lfd.uci.edu/pythonlibs/r5uhg2lo/pycairo-1.18.0-cp36-cp36m-win_amd64.whl",
            "hashes": [
                "sha256:8cdcc648d3857c7855b2923e0bb24d64c6c77bb1fd5e20f71cc59afa1dd37546"
            ],
            "index": "pypi",
            "markers": "sys_platform == 'win32'",
            "version": "==1.18.0"
        },
        "python-igraph": {
            "file": "https://download.lfd.uci.edu/pythonlibs/r5uhg2lo/python_igraph-0.7.1.post6-cp36-cp36m-win_amd64.whl",
            "hashes": [
                "sha256:a68fc4cc71e41447b5f496b8f704573e3fdb8242986000020aad3ec8380771fb"
            ],
            "index": "pypi",
            "markers": "sys_platform == 'win32'",
            "version": "==0.7.1.post6"
        }
    },
    "develop": {
        "jedi": {
            "hashes": [
                "sha256:571702b5bd167911fe9036e5039ba67f820d6502832285cde8c881ab2b2149fd",
                "sha256:c8481b5e59d34a5c7c42e98f6625e633f6ef59353abea6437472c7ec2093f191"
            ],
            "index": "pypi",
            "version": "==0.13.2"
        },
        "parso": {
            "hashes": [
                "sha256:35704a43a3c113cce4de228ddb39aab374b8004f4f2407d070b6a2ca784ce8a2",
                "sha256:895c63e93b94ac1e1690f5fdd40b65f07c8171e3e53cbd7793b5b96c0e0a7f24"
            ],
            "version": "==0.3.1"
        }
    }
}
